
Microsoft Visual Studio Solution File, Format Version 12.00
# Visual Studio Version 16
VisualStudioVersion = 16.0.29709.97
MinimumVisualStudioVersion = 10.0.40219.1
Project("{FAE04EC0-301F-11D3-BF4B-00C04F79EFBC}") = "01. Ages", "01. Ages\01. Ages.csproj", "{A2CB1312-6752-473B-B9AD-B6C3A7E94374}"
EndProject
Project("{FAE04EC0-301F-11D3-BF4B-00C04F79EFBC}") = "02. Division", "02. Division\02. Division.csproj", "{537AF362-0DB9-4115-AC95-5AA5DD736E1F}"
EndProject
Project("{FAE04EC0-301F-11D3-BF4B-00C04F79EFBC}") = "03. Vacation", "03. Vacation\03. Vacation.csproj", "{FC181FA4-B399-4614-9B9C-54C257E4163E}"
EndProject
Project("{FAE04EC0-301F-11D3-BF4B-00C04F79EFBC}") = "04. Print and sum", "04. Print and sum\04. Print and sum.csproj", "{AB1DA3B4-A543-4754-910E-865ED9A9233B}"
EndProject
Project("{FAE04EC0-301F-11D3-BF4B-00C04F79EFBC}") = "05. Login", "05. Login\05. Login.csproj", "{4E6CC3E2-AC0C-40E5-9D80-89842109507E}"
EndProject
Project("{FAE04EC0-301F-11D3-BF4B-00C04F79EFBC}") = "06. Strong number", "06. Strong number\06. Strong number.csproj", "{C24A775D-07BF-4052-A53B-35DACCAFDE2F}"
EndProject
Project("{FAE04EC0-301F-11D3-BF4B-00C04F79EFBC}") = "07. Vending Machine", "07. Vending Machine\07. Vending Machine.csproj", "{A519A0AA-28A6-483A-8389-54942D32F835}"
EndProject
Project("{FAE04EC0-301F-11D3-BF4B-00C04F79EFBC}") = "09. Padawan Equipment", "09. Padawan Equipment\09. Padawan Equipment.csproj", "{B08497A2-34E2-4B60-A6E4-1C3C3F7D41E0}"
EndProject
Project("{FAE04EC0-301F-11D3-BF4B-00C04F79EFBC}") = "10. Rage Expenses", "10. Rage Expenses\10. Rage Expenses.csproj", "{6EC1EC9A-386D-41DD-9780-D0375CC59EDD}"
EndProject
Global
	GlobalSection(SolutionConfigurationPlatforms) = preSolution
		Debug|Any CPU = Debug|Any CPU
		Release|Any CPU = Release|Any CPU
	EndGlobalSection
	GlobalSection(ProjectConfigurationPlatforms) = postSolution
		{A2CB1312-6752-473B-B9AD-B6C3A7E94374}.Debug|Any CPU.ActiveCfg = Debug|Any CPU
		{A2CB1312-6752-473B-B9AD-B6C3A7E94374}.Debug|Any CPU.Build.0 = Debug|Any CPU
		{A2CB1312-6752-473B-B9AD-B6C3A7E94374}.Release|Any CPU.ActiveCfg = Release|Any CPU
		{A2CB1312-6752-473B-B9AD-B6C3A7E94374}.Release|Any CPU.Build.0 = Release|Any CPU
		{537AF362-0DB9-4115-AC95-5AA5DD736E1F}.Debug|Any CPU.ActiveCfg = Debug|Any CPU
		{537AF362-0DB9-4115-AC95-5AA5DD736E1F}.Debug|Any CPU.Build.0 = Debug|Any CPU
		{537AF362-0DB9-4115-AC95-5AA5DD736E1F}.Release|Any CPU.ActiveCfg = Release|Any CPU
		{537AF362-0DB9-4115-AC95-5AA5DD736E1F}.Release|Any CPU.Build.0 = Release|Any CPU
		{FC181FA4-B399-4614-9B9C-54C257E4163E}.Debug|Any CPU.ActiveCfg = Debug|Any CPU
		{FC181FA4-B399-4614-9B9C-54C257E4163E}.Debug|Any CPU.Build.0 = Debug|Any CPU
		{FC181FA4-B399-4614-9B9C-54C257E4163E}.Release|Any CPU.ActiveCfg = Release|Any CPU
		{FC181FA4-B399-4614-9B9C-54C257E4163E}.Release|Any CPU.Build.0 = Release|Any CPU
		{AB1DA3B4-A543-4754-910E-865ED9A9233B}.Debug|Any CPU.ActiveCfg = Debug|Any CPU
		{AB1DA3B4-A543-4754-910E-865ED9A9233B}.Debug|Any CPU.Build.0 = Debug|Any CPU
		{AB1DA3B4-A543-4754-910E-865ED9A9233B}.Release|Any CPU.ActiveCfg = Release|Any CPU
		{AB1DA3B4-A543-4754-910E-865ED9A9233B}.Release|Any CPU.Build.0 = Release|Any CPU
		{4E6CC3E2-AC0C-40E5-9D80-89842109507E}.Debug|Any CPU.ActiveCfg = Debug|Any CPU
		{4E6CC3E2-AC0C-40E5-9D80-89842109507E}.Debug|Any CPU.Build.0 = Debug|Any CPU
		{4E6CC3E2-AC0C-40E5-9D80-89842109507E}.Release|Any CPU.ActiveCfg = Release|Any CPU
		{4E6CC3E2-AC0C-40E5-9D80-89842109507E}.Release|Any CPU.Build.0 = Release|Any CPU
		{C24A775D-07BF-4052-A53B-35DACCAFDE2F}.Debug|Any CPU.ActiveCfg = Debug|Any CPU
		{C24A775D-07BF-4052-A53B-35DACCAFDE2F}.Debug|Any CPU.Build.0 = Debug|Any CPU
		{C24A775D-07BF-4052-A53B-35DACCAFDE2F}.Release|Any CPU.ActiveCfg = Release|Any CPU
		{C24A775D-07BF-4052-A53B-35DACCAFDE2F}.Release|Any CPU.Build.0 = Release|Any CPU
		{A519A0AA-28A6-483A-8389-54942D32F835}.Debug|Any CPU.ActiveCfg = Debug|Any CPU
		{A519A0AA-28A6-483A-8389-54942D32F835}.Debug|Any CPU.Build.0 = Debug|Any CPU
		{A519A0AA-28A6-483A-8389-54942D32F835}.Release|Any CPU.ActiveCfg = Release|Any CPU
		{A519A0AA-28A6-483A-8389-54942D32F835}.Release|Any CPU.Build.0 = Release|Any CPU
		{B08497A2-34E2-4B60-A6E4-1C3C3F7D41E0}.Debug|Any CPU.ActiveCfg = Debug|Any CPU
		{B08497A2-34E2-4B60-A6E4-1C3C3F7D41E0}.Debug|Any CPU.Build.0 = Debug|Any CPU
		{B08497A2-34E2-4B60-A6E4-1C3C3F7D41E0}.Release|Any CPU.ActiveCfg = Release|Any CPU
		{B08497A2-34E2-4B60-A6E4-1C3C3F7D41E0}.Release|Any CPU.Build.0 = Release|Any CPU
		{6EC1EC9A-386D-41DD-9780-D0375CC59EDD}.Debug|Any CPU.ActiveCfg = Debug|Any CPU
		{6EC1EC9A-386D-41DD-9780-D0375CC59EDD}.Debug|Any CPU.Build.0 = Debug|Any CPU
		{6EC1EC9A-386D-41DD-9780-D0375CC59EDD}.Release|Any CPU.ActiveCfg = Release|Any CPU
		{6EC1EC9A-386D-41DD-9780-D0375CC59EDD}.Release|Any CPU.Build.0 = Release|Any CPU
	EndGlobalSection
	GlobalSection(SolutionProperties) = preSolution
		HideSolutionNode = FALSE
	EndGlobalSection
	GlobalSection(ExtensibilityGlobals) = postSolution
		SolutionGuid = {076714E8-E8DE-4910-97F3-9427ABD23D71}
	EndGlobalSection
EndGlobal
